// !$*UTF8*$!
{
	archiveVersion = 1;
	classes = {
	};
	objectVersion = 46;
	objects = {

/* Begin PBXBuildFile section */
		165A3BBC18AFD8A800D1926C /* CoreDataStack.m in Sources */ = {isa = PBXBuildFile; fileRef = 165A3BBB18AFD8A800D1926C /* CoreDataStack.m */; };
		165A3BC218B016A200D1926C /* TodoTableViewCell.m in Sources */ = {isa = PBXBuildFile; fileRef = 165A3BC118B016A200D1926C /* TodoTableViewCell.m */; };
		1681588718B2D85100214BE2 /* FetchedResultsControllerDataSource.m in Sources */ = {isa = PBXBuildFile; fileRef = 1681588618B2D85100214BE2 /* FetchedResultsControllerDataSource.m */; };
		1681588A18B400C400214BE2 /* DraggableCellController.m in Sources */ = {isa = PBXBuildFile; fileRef = 1681588918B400C400214BE2 /* DraggableCellController.m */; };
		1681589018B5951A00214BE2 /* TodoTableHeaderView.m in Sources */ = {isa = PBXBuildFile; fileRef = 1681588F18B5951A00214BE2 /* TodoTableHeaderView.m */; };
		1681589318B698C400214BE2 /* ReorderableCellController.m in Sources */ = {isa = PBXBuildFile; fileRef = 1681589218B698C400214BE2 /* ReorderableCellController.m */; };
		168C9CEE18AFC8770070BDAC /* Todo.m in Sources */ = {isa = PBXBuildFile; fileRef = 168C9CED18AFC8770070BDAC /* Todo.m */; };
		168C9CF118AFC8C80070BDAC /* Store.m in Sources */ = {isa = PBXBuildFile; fileRef = 168C9CF018AFC8C80070BDAC /* Store.m */; };
		16F2E7AD18AD6C57003EC330 /* Foundation.framework in Frameworks */ = {isa = PBXBuildFile; fileRef = 16F2E7AC18AD6C57003EC330 /* Foundation.framework */; };
		16F2E7AF18AD6C57003EC330 /* CoreGraphics.framework in Frameworks */ = {isa = PBXBuildFile; fileRef = 16F2E7AE18AD6C57003EC330 /* CoreGraphics.framework */; };
		16F2E7B118AD6C57003EC330 /* UIKit.framework in Frameworks */ = {isa = PBXBuildFile; fileRef = 16F2E7B018AD6C57003EC330 /* UIKit.framework */; };
		16F2E7B718AD6C57003EC330 /* InfoPlist.strings in Resources */ = {isa = PBXBuildFile; fileRef = 16F2E7B518AD6C57003EC330 /* InfoPlist.strings */; };
		16F2E7B918AD6C57003EC330 /* main.m in Sources */ = {isa = PBXBuildFile; fileRef = 16F2E7B818AD6C57003EC330 /* main.m */; };
		16F2E7BD18AD6C57003EC330 /* AppDelegate.m in Sources */ = {isa = PBXBuildFile; fileRef = 16F2E7BC18AD6C57003EC330 /* AppDelegate.m */; };
		16F2E7C018AD6C57003EC330 /* Main.storyboard in Resources */ = {isa = PBXBuildFile; fileRef = 16F2E7BE18AD6C57003EC330 /* Main.storyboard */; };
		16F2E7C318AD6C57003EC330 /* TodoViewController.m in Sources */ = {isa = PBXBuildFile; fileRef = 16F2E7C218AD6C57003EC330 /* TodoViewController.m */; };
		16F2E7C518AD6C57003EC330 /* Images.xcassets in Resources */ = {isa = PBXBuildFile; fileRef = 16F2E7C418AD6C57003EC330 /* Images.xcassets */; };
		16F2E7CC18AD6C57003EC330 /* XCTest.framework in Frameworks */ = {isa = PBXBuildFile; fileRef = 16F2E7CB18AD6C57003EC330 /* XCTest.framework */; };
		16F2E7CD18AD6C57003EC330 /* Foundation.framework in Frameworks */ = {isa = PBXBuildFile; fileRef = 16F2E7AC18AD6C57003EC330 /* Foundation.framework */; };
		16F2E7CE18AD6C57003EC330 /* UIKit.framework in Frameworks */ = {isa = PBXBuildFile; fileRef = 16F2E7B018AD6C57003EC330 /* UIKit.framework */; };
		16F2E7D618AD6C57003EC330 /* InfoPlist.strings in Resources */ = {isa = PBXBuildFile; fileRef = 16F2E7D418AD6C57003EC330 /* InfoPlist.strings */; };
		16F2E7D818AD6C57003EC330 /* GlasklartTests.m in Sources */ = {isa = PBXBuildFile; fileRef = 16F2E7D718AD6C57003EC330 /* GlasklartTests.m */; };
		16F2E7E318AD6D6E003EC330 /* Model.xcdatamodeld in Sources */ = {isa = PBXBuildFile; fileRef = 16F2E7E118AD6D6E003EC330 /* Model.xcdatamodeld */; };
		16F2E7E518AD71B5003EC330 /* CoreData.framework in Frameworks */ = {isa = PBXBuildFile; fileRef = 16F2E7E418AD71B5003EC330 /* CoreData.framework */; };
		82E5902D5CA7422C95C88F27 /* libPods.a in Frameworks */ = {isa = PBXBuildFile; fileRef = 8F6B1BD224E442B8B7BD2C08 /* libPods.a */; };
/* End PBXBuildFile section */

/* Begin PBXContainerItemProxy section */
		16F2E7CF18AD6C57003EC330 /* PBXContainerItemProxy */ = {
			isa = PBXContainerItemProxy;
			containerPortal = 16F2E7A118AD6C57003EC330 /* Project object */;
			proxyType = 1;
			remoteGlobalIDString = 16F2E7A818AD6C57003EC330;
			remoteInfo = Glasklart;
		};
/* End PBXContainerItemProxy section */

/* Begin PBXFileReference section */
		165A3BBA18AFD8A800D1926C /* CoreDataStack.h */ = {isa = PBXFileReference; fileEncoding = 4; lastKnownFileType = sourcecode.c.h; name = CoreDataStack.h; path = Classes/CoreDataStack.h; sourceTree = "<group>"; };
		165A3BBB18AFD8A800D1926C /* CoreDataStack.m */ = {isa = PBXFileReference; fileEncoding = 4; lastKnownFileType = sourcecode.c.objc; name = CoreDataStack.m; path = Classes/CoreDataStack.m; sourceTree = "<group>"; };
		165A3BC018B016A200D1926C /* TodoTableViewCell.h */ = {isa = PBXFileReference; fileEncoding = 4; lastKnownFileType = sourcecode.c.h; name = TodoTableViewCell.h; path = Classes/TodoTableViewCell.h; sourceTree = "<group>"; };
		165A3BC118B016A200D1926C /* TodoTableViewCell.m */ = {isa = PBXFileReference; fileEncoding = 4; lastKnownFileType = sourcecode.c.objc; name = TodoTableViewCell.m; path = Classes/TodoTableViewCell.m; sourceTree = "<group>"; };
		1681588518B2D85100214BE2 /* FetchedResultsControllerDataSource.h */ = {isa = PBXFileReference; fileEncoding = 4; lastKnownFileType = sourcecode.c.h; name = FetchedResultsControllerDataSource.h; path = Classes/FetchedResultsControllerDataSource.h; sourceTree = "<group>"; };
		1681588618B2D85100214BE2 /* FetchedResultsControllerDataSource.m */ = {isa = PBXFileReference; fileEncoding = 4; lastKnownFileType = sourcecode.c.objc; name = FetchedResultsControllerDataSource.m; path = Classes/FetchedResultsControllerDataSource.m; sourceTree = "<group>"; };
		1681588818B400C400214BE2 /* DraggableCellController.h */ = {isa = PBXFileReference; fileEncoding = 4; lastKnownFileType = sourcecode.c.h; name = DraggableCellController.h; path = Classes/DraggableCellController.h; sourceTree = "<group>"; };
		1681588918B400C400214BE2 /* DraggableCellController.m */ = {isa = PBXFileReference; fileEncoding = 4; lastKnownFileType = sourcecode.c.objc; name = DraggableCellController.m; path = Classes/DraggableCellController.m; sourceTree = "<group>"; };
		1681588E18B5951A00214BE2 /* TodoTableHeaderView.h */ = {isa = PBXFileReference; fileEncoding = 4; lastKnownFileType = sourcecode.c.h; name = TodoTableHeaderView.h; path = Classes/TodoTableHeaderView.h; sourceTree = "<group>"; };
		1681588F18B5951A00214BE2 /* TodoTableHeaderView.m */ = {isa = PBXFileReference; fileEncoding = 4; lastKnownFileType = sourcecode.c.objc; name = TodoTableHeaderView.m; path = Classes/TodoTableHeaderView.m; sourceTree = "<group>"; };
		1681589118B698C400214BE2 /* ReorderableCellController.h */ = {isa = PBXFileReference; fileEncoding = 4; lastKnownFileType = sourcecode.c.h; name = ReorderableCellController.h; path = Classes/ReorderableCellController.h; sourceTree = "<group>"; };
		1681589218B698C400214BE2 /* ReorderableCellController.m */ = {isa = PBXFileReference; fileEncoding = 4; lastKnownFileType = sourcecode.c.objc; name = ReorderableCellController.m; path = Classes/ReorderableCellController.m; sourceTree = "<group>"; };
		168C9CEC18AFC8770070BDAC /* Todo.h */ = {isa = PBXFileReference; fileEncoding = 4; lastKnownFileType = sourcecode.c.h; name = Todo.h; path = Classes/Todo.h; sourceTree = "<group>"; };
		168C9CED18AFC8770070BDAC /* Todo.m */ = {isa = PBXFileReference; fileEncoding = 4; lastKnownFileType = sourcecode.c.objc; name = Todo.m; path = Classes/Todo.m; sourceTree = "<group>"; };
		168C9CEF18AFC8C80070BDAC /* Store.h */ = {isa = PBXFileReference; fileEncoding = 4; lastKnownFileType = sourcecode.c.h; name = Store.h; path = Classes/Store.h; sourceTree = "<group>"; };
		168C9CF018AFC8C80070BDAC /* Store.m */ = {isa = PBXFileReference; fileEncoding = 4; lastKnownFileType = sourcecode.c.objc; name = Store.m; path = Classes/Store.m; sourceTree = "<group>"; };
		16F2E7A918AD6C57003EC330 /* Glasklart.app */ = {isa = PBXFileReference; explicitFileType = wrapper.application; includeInIndex = 0; path = Glasklart.app; sourceTree = BUILT_PRODUCTS_DIR; };
		16F2E7AC18AD6C57003EC330 /* Foundation.framework */ = {isa = PBXFileReference; lastKnownFileType = wrapper.framework; name = Foundation.framework; path = System/Library/Frameworks/Foundation.framework; sourceTree = SDKROOT; };
		16F2E7AE18AD6C57003EC330 /* CoreGraphics.framework */ = {isa = PBXFileReference; lastKnownFileType = wrapper.framework; name = CoreGraphics.framework; path = System/Library/Frameworks/CoreGraphics.framework; sourceTree = SDKROOT; };
		16F2E7B018AD6C57003EC330 /* UIKit.framework */ = {isa = PBXFileReference; lastKnownFileType = wrapper.framework; name = UIKit.framework; path = System/Library/Frameworks/UIKit.framework; sourceTree = SDKROOT; };
		16F2E7B418AD6C57003EC330 /* Glasklart-Info.plist */ = {isa = PBXFileReference; lastKnownFileType = text.plist.xml; path = "Glasklart-Info.plist"; sourceTree = "<group>"; };
		16F2E7B618AD6C57003EC330 /* en */ = {isa = PBXFileReference; lastKnownFileType = text.plist.strings; name = en; path = en.lproj/InfoPlist.strings; sourceTree = "<group>"; };
		16F2E7B818AD6C57003EC330 /* main.m */ = {isa = PBXFileReference; lastKnownFileType = sourcecode.c.objc; path = main.m; sourceTree = "<group>"; };
		16F2E7BA18AD6C57003EC330 /* Glasklart-Prefix.pch */ = {isa = PBXFileReference; lastKnownFileType = sourcecode.c.h; path = "Glasklart-Prefix.pch"; sourceTree = "<group>"; };
		16F2E7BB18AD6C57003EC330 /* AppDelegate.h */ = {isa = PBXFileReference; lastKnownFileType = sourcecode.c.h; name = AppDelegate.h; path = Classes/AppDelegate.h; sourceTree = "<group>"; };
		16F2E7BC18AD6C57003EC330 /* AppDelegate.m */ = {isa = PBXFileReference; lastKnownFileType = sourcecode.c.objc; name = AppDelegate.m; path = Classes/AppDelegate.m; sourceTree = "<group>"; };
		16F2E7BF18AD6C57003EC330 /* Base */ = {isa = PBXFileReference; lastKnownFileType = file.storyboard; name = Base; path = Base.lproj/Main.storyboard; sourceTree = "<group>"; };
		16F2E7C118AD6C57003EC330 /* TodoViewController.h */ = {isa = PBXFileReference; lastKnownFileType = sourcecode.c.h; name = TodoViewController.h; path = Classes/TodoViewController.h; sourceTree = "<group>"; };
		16F2E7C218AD6C57003EC330 /* TodoViewController.m */ = {isa = PBXFileReference; lastKnownFileType = sourcecode.c.objc; name = TodoViewController.m; path = Classes/TodoViewController.m; sourceTree = "<group>"; };
		16F2E7C418AD6C57003EC330 /* Images.xcassets */ = {isa = PBXFileReference; lastKnownFileType = folder.assetcatalog; path = Images.xcassets; sourceTree = "<group>"; };
		16F2E7CA18AD6C57003EC330 /* GlasklartTests.xctest */ = {isa = PBXFileReference; explicitFileType = wrapper.cfbundle; includeInIndex = 0; path = GlasklartTests.xctest; sourceTree = BUILT_PRODUCTS_DIR; };
		16F2E7CB18AD6C57003EC330 /* XCTest.framework */ = {isa = PBXFileReference; lastKnownFileType = wrapper.framework; name = XCTest.framework; path = Library/Frameworks/XCTest.framework; sourceTree = DEVELOPER_DIR; };
		16F2E7D318AD6C57003EC330 /* GlasklartTests-Info.plist */ = {isa = PBXFileReference; lastKnownFileType = text.plist.xml; path = "GlasklartTests-Info.plist"; sourceTree = "<group>"; };
		16F2E7D518AD6C57003EC330 /* en */ = {isa = PBXFileReference; lastKnownFileType = text.plist.strings; name = en; path = en.lproj/InfoPlist.strings; sourceTree = "<group>"; };
		16F2E7D718AD6C57003EC330 /* GlasklartTests.m */ = {isa = PBXFileReference; lastKnownFileType = sourcecode.c.objc; path = GlasklartTests.m; sourceTree = "<group>"; };
		16F2E7E218AD6D6E003EC330 /* Model.xcdatamodel */ = {isa = PBXFileReference; lastKnownFileType = wrapper.xcdatamodel; path = Model.xcdatamodel; sourceTree = "<group>"; };
		16F2E7E418AD71B5003EC330 /* CoreData.framework */ = {isa = PBXFileReference; lastKnownFileType = wrapper.framework; name = CoreData.framework; path = System/Library/Frameworks/CoreData.framework; sourceTree = SDKROOT; };
		2DFF4BD1F34347C983BE74DD /* Pods.xcconfig */ = {isa = PBXFileReference; includeInIndex = 1; lastKnownFileType = text.xcconfig; name = Pods.xcconfig; path = Pods/Pods.xcconfig; sourceTree = "<group>"; };
		8F6B1BD224E442B8B7BD2C08 /* libPods.a */ = {isa = PBXFileReference; explicitFileType = archive.ar; includeInIndex = 0; path = libPods.a; sourceTree = BUILT_PRODUCTS_DIR; };
/* End PBXFileReference section */

/* Begin PBXFrameworksBuildPhase section */
		16F2E7A618AD6C57003EC330 /* Frameworks */ = {
			isa = PBXFrameworksBuildPhase;
			buildActionMask = 2147483647;
			files = (
				16F2E7E518AD71B5003EC330 /* CoreData.framework in Frameworks */,
				16F2E7AF18AD6C57003EC330 /* CoreGraphics.framework in Frameworks */,
				16F2E7B118AD6C57003EC330 /* UIKit.framework in Frameworks */,
				16F2E7AD18AD6C57003EC330 /* Foundation.framework in Frameworks */,
				82E5902D5CA7422C95C88F27 /* libPods.a in Frameworks */,
			);
			runOnlyForDeploymentPostprocessing = 0;
		};
		16F2E7C718AD6C57003EC330 /* Frameworks */ = {
			isa = PBXFrameworksBuildPhase;
			buildActionMask = 2147483647;
			files = (
				16F2E7CC18AD6C57003EC330 /* XCTest.framework in Frameworks */,
				16F2E7CE18AD6C57003EC330 /* UIKit.framework in Frameworks */,
				16F2E7CD18AD6C57003EC330 /* Foundation.framework in Frameworks */,
			);
			runOnlyForDeploymentPostprocessing = 0;
		};
/* End PBXFrameworksBuildPhase section */

/* Begin PBXGroup section */
		165A3BBD18AFF2AC00D1926C /* Todo View Controller */ = {
			isa = PBXGroup;
			children = (
				16F2E7C118AD6C57003EC330 /* TodoViewController.h */,
				16F2E7C218AD6C57003EC330 /* TodoViewController.m */,
				165A3BC018B016A200D1926C /* TodoTableViewCell.h */,
				165A3BC118B016A200D1926C /* TodoTableViewCell.m */,
				1681588E18B5951A00214BE2 /* TodoTableHeaderView.h */,
				1681588F18B5951A00214BE2 /* TodoTableHeaderView.m */,
			);
			name = "Todo View Controller";
			sourceTree = "<group>";
		};
		16F2E7A018AD6C57003EC330 = {
			isa = PBXGroup;
			children = (
				16F2E7B218AD6C57003EC330 /* Glasklart */,
				16F2E7D118AD6C57003EC330 /* GlasklartTests */,
				16F2E7AB18AD6C57003EC330 /* Frameworks */,
				16F2E7AA18AD6C57003EC330 /* Products */,
				2DFF4BD1F34347C983BE74DD /* Pods.xcconfig */,
			);
			sourceTree = "<group>";
		};
		16F2E7AA18AD6C57003EC330 /* Products */ = {
			isa = PBXGroup;
			children = (
				16F2E7A918AD6C57003EC330 /* Glasklart.app */,
				16F2E7CA18AD6C57003EC330 /* GlasklartTests.xctest */,
			);
			name = Products;
			sourceTree = "<group>";
		};
		16F2E7AB18AD6C57003EC330 /* Frameworks */ = {
			isa = PBXGroup;
			children = (
				16F2E7E418AD71B5003EC330 /* CoreData.framework */,
				16F2E7AC18AD6C57003EC330 /* Foundation.framework */,
				16F2E7AE18AD6C57003EC330 /* CoreGraphics.framework */,
				16F2E7B018AD6C57003EC330 /* UIKit.framework */,
				16F2E7CB18AD6C57003EC330 /* XCTest.framework */,
				8F6B1BD224E442B8B7BD2C08 /* libPods.a */,
			);
			name = Frameworks;
			sourceTree = "<group>";
		};
		16F2E7B218AD6C57003EC330 /* Glasklart */ = {
			isa = PBXGroup;
			children = (
				16F2E7E618AD792A003EC330 /* Model */,
				165A3BBA18AFD8A800D1926C /* CoreDataStack.h */,
				165A3BBB18AFD8A800D1926C /* CoreDataStack.m */,
				16F2E7BB18AD6C57003EC330 /* AppDelegate.h */,
				16F2E7BC18AD6C57003EC330 /* AppDelegate.m */,
				1681588518B2D85100214BE2 /* FetchedResultsControllerDataSource.h */,
				1681588618B2D85100214BE2 /* FetchedResultsControllerDataSource.m */,
				1681588818B400C400214BE2 /* DraggableCellController.h */,
				1681588918B400C400214BE2 /* DraggableCellController.m */,
				1681589118B698C400214BE2 /* ReorderableCellController.h */,
				1681589218B698C400214BE2 /* ReorderableCellController.m */,
				165A3BBD18AFF2AC00D1926C /* Todo View Controller */,
				16F2E7BE18AD6C57003EC330 /* Main.storyboard */,
				16F2E7C418AD6C57003EC330 /* Images.xcassets */,
				16F2E7B318AD6C57003EC330 /* Supporting Files */,
			);
			path = Glasklart;
			sourceTree = "<group>";
		};
		16F2E7B318AD6C57003EC330 /* Supporting Files */ = {
			isa = PBXGroup;
			children = (
				16F2E7B418AD6C57003EC330 /* Glasklart-Info.plist */,
				16F2E7B518AD6C57003EC330 /* InfoPlist.strings */,
				16F2E7B818AD6C57003EC330 /* main.m */,
				16F2E7BA18AD6C57003EC330 /* Glasklart-Prefix.pch */,
				16F2E7E118AD6D6E003EC330 /* Model.xcdatamodeld */,
			);
			name = "Supporting Files";
			sourceTree = "<group>";
		};
		16F2E7D118AD6C57003EC330 /* GlasklartTests */ = {
			isa = PBXGroup;
			children = (
				16F2E7D718AD6C57003EC330 /* GlasklartTests.m */,
				16F2E7D218AD6C57003EC330 /* Supporting Files */,
			);
			path = GlasklartTests;
			sourceTree = "<group>";
		};
		16F2E7D218AD6C57003EC330 /* Supporting Files */ = {
			isa = PBXGroup;
			children = (
				16F2E7D318AD6C57003EC330 /* GlasklartTests-Info.plist */,
				16F2E7D418AD6C57003EC330 /* InfoPlist.strings */,
			);
			name = "Supporting Files";
			sourceTree = "<group>";
		};
		16F2E7E618AD792A003EC330 /* Model */ = {
			isa = PBXGroup;
			children = (
				168C9CEC18AFC8770070BDAC /* Todo.h */,
				168C9CED18AFC8770070BDAC /* Todo.m */,
				168C9CEF18AFC8C80070BDAC /* Store.h */,
				168C9CF018AFC8C80070BDAC /* Store.m */,
			);
			name = Model;
			sourceTree = "<group>";
		};
/* End PBXGroup section */

/* Begin PBXNativeTarget section */
		16F2E7A818AD6C57003EC330 /* Glasklart */ = {
			isa = PBXNativeTarget;
			buildConfigurationList = 16F2E7DB18AD6C57003EC330 /* Build configuration list for PBXNativeTarget "Glasklart" */;
			buildPhases = (
				B0036F66DB80408CAD41743A /* Check Pods Manifest.lock */,
				16F2E7A518AD6C57003EC330 /* Sources */,
				16F2E7A618AD6C57003EC330 /* Frameworks */,
				16F2E7A718AD6C57003EC330 /* Resources */,
				FEFF7E0A936B493F8F65B3DA /* Copy Pods Resources */,
			);
			buildRules = (
			);
			dependencies = (
			);
			name = Glasklart;
			productName = Glasklart;
			productReference = 16F2E7A918AD6C57003EC330 /* Glasklart.app */;
			productType = "com.apple.product-type.application";
		};
		16F2E7C918AD6C57003EC330 /* GlasklartTests */ = {
			isa = PBXNativeTarget;
			buildConfigurationList = 16F2E7DE18AD6C57003EC330 /* Build configuration list for PBXNativeTarget "GlasklartTests" */;
			buildPhases = (
				16F2E7C618AD6C57003EC330 /* Sources */,
				16F2E7C718AD6C57003EC330 /* Frameworks */,
				16F2E7C818AD6C57003EC330 /* Resources */,
			);
			buildRules = (
			);
			dependencies = (
				16F2E7D018AD6C57003EC330 /* PBXTargetDependency */,
			);
			name = GlasklartTests;
			productName = GlasklartTests;
			productReference = 16F2E7CA18AD6C57003EC330 /* GlasklartTests.xctest */;
			productType = "com.apple.product-type.bundle.unit-test";
		};
/* End PBXNativeTarget section */

/* Begin PBXProject section */
		16F2E7A118AD6C57003EC330 /* Project object */ = {
			isa = PBXProject;
			attributes = {
				LastUpgradeCheck = 0500;
				ORGANIZATIONNAME = "Jacob Persson";
				TargetAttributes = {
					16F2E7A818AD6C57003EC330 = {
						DevelopmentTeam = 57A5PY72HT;
					};
					16F2E7C918AD6C57003EC330 = {
						TestTargetID = 16F2E7A818AD6C57003EC330;
					};
				};
			};
			buildConfigurationList = 16F2E7A418AD6C57003EC330 /* Build configuration list for PBXProject "Glasklart" */;
			compatibilityVersion = "Xcode 3.2";
			developmentRegion = English;
			hasScannedForEncodings = 0;
			knownRegions = (
				en,
				Base,
			);
			mainGroup = 16F2E7A018AD6C57003EC330;
			productRefGroup = 16F2E7AA18AD6C57003EC330 /* Products */;
			projectDirPath = "";
			projectRoot = "";
			targets = (
				16F2E7A818AD6C57003EC330 /* Glasklart */,
				16F2E7C918AD6C57003EC330 /* GlasklartTests */,
			);
		};
/* End PBXProject section */

/* Begin PBXResourcesBuildPhase section */
		16F2E7A718AD6C57003EC330 /* Resources */ = {
			isa = PBXResourcesBuildPhase;
			buildActionMask = 2147483647;
			files = (
				16F2E7C518AD6C57003EC330 /* Images.xcassets in Resources */,
				16F2E7B718AD6C57003EC330 /* InfoPlist.strings in Resources */,
				16F2E7C018AD6C57003EC330 /* Main.storyboard in Resources */,
			);
			runOnlyForDeploymentPostprocessing = 0;
		};
		16F2E7C818AD6C57003EC330 /* Resources */ = {
			isa = PBXResourcesBuildPhase;
			buildActionMask = 2147483647;
			files = (
				16F2E7D618AD6C57003EC330 /* InfoPlist.strings in Resources */,
			);
			runOnlyForDeploymentPostprocessing = 0;
		};
/* End PBXResourcesBuildPhase section */

/* Begin PBXShellScriptBuildPhase section */
		B0036F66DB80408CAD41743A /* Check Pods Manifest.lock */ = {
			isa = PBXShellScriptBuildPhase;
			buildActionMask = 2147483647;
			files = (
			);
			inputPaths = (
			);
			name = "Check Pods Manifest.lock";
			outputPaths = (
			);
			runOnlyForDeploymentPostprocessing = 0;
			shellPath = /bin/sh;
			shellScript = "diff \"${PODS_ROOT}/../Podfile.lock\" \"${PODS_ROOT}/Manifest.lock\" > /dev/null\nif [[ $? != 0 ]] ; then\n    cat << EOM\nerror: The sandbox is not in sync with the Podfile.lock. Run 'pod install' or update your CocoaPods installation.\nEOM\n    exit 1\nfi\n";
			showEnvVarsInLog = 0;
		};
		FEFF7E0A936B493F8F65B3DA /* Copy Pods Resources */ = {
			isa = PBXShellScriptBuildPhase;
			buildActionMask = 2147483647;
			files = (
			);
			inputPaths = (
			);
			name = "Copy Pods Resources";
			outputPaths = (
			);
			runOnlyForDeploymentPostprocessing = 0;
			shellPath = /bin/sh;
			shellScript = "\"${SRCROOT}/Pods/Pods-resources.sh\"\n";
			showEnvVarsInLog = 0;
		};
/* End PBXShellScriptBuildPhase section */

/* Begin PBXSourcesBuildPhase section */
		16F2E7A518AD6C57003EC330 /* Sources */ = {
			isa = PBXSourcesBuildPhase;
			buildActionMask = 2147483647;
			files = (
				168C9CEE18AFC8770070BDAC /* Todo.m in Sources */,
				16F2E7C318AD6C57003EC330 /* TodoViewController.m in Sources */,
				165A3BBC18AFD8A800D1926C /* CoreDataStack.m in Sources */,
				16F2E7BD18AD6C57003EC330 /* AppDelegate.m in Sources */,
				168C9CF118AFC8C80070BDAC /* Store.m in Sources */,
				1681588A18B400C400214BE2 /* DraggableCellController.m in Sources */,
				1681589018B5951A00214BE2 /* TodoTableHeaderView.m in Sources */,
				16F2E7B918AD6C57003EC330 /* main.m in Sources */,
				16F2E7E318AD6D6E003EC330 /* Model.xcdatamodeld in Sources */,
				1681589318B698C400214BE2 /* ReorderableCellController.m in Sources */,
				165A3BC218B016A200D1926C /* TodoTableViewCell.m in Sources */,
				1681588718B2D85100214BE2 /* FetchedResultsControllerDataSource.m in Sources */,
			);
			runOnlyForDeploymentPostprocessing = 0;
		};
		16F2E7C618AD6C57003EC330 /* Sources */ = {
			isa = PBXSourcesBuildPhase;
			buildActionMask = 2147483647;
			files = (
				16F2E7D818AD6C57003EC330 /* GlasklartTests.m in Sources */,
			);
			runOnlyForDeploymentPostprocessing = 0;
		};
/* End PBXSourcesBuildPhase section */

/* Begin PBXTargetDependency section */
		16F2E7D018AD6C57003EC330 /* PBXTargetDependency */ = {
			isa = PBXTargetDependency;
			target = 16F2E7A818AD6C57003EC330 /* Glasklart */;
			targetProxy = 16F2E7CF18AD6C57003EC330 /* PBXContainerItemProxy */;
		};
/* End PBXTargetDependency section */

/* Begin PBXVariantGroup section */
		16F2E7B518AD6C57003EC330 /* InfoPlist.strings */ = {
			isa = PBXVariantGroup;
			children = (
				16F2E7B618AD6C57003EC330 /* en */,
			);
			name = InfoPlist.strings;
			sourceTree = "<group>";
		};
		16F2E7BE18AD6C57003EC330 /* Main.storyboard */ = {
			isa = PBXVariantGroup;
			children = (
				16F2E7BF18AD6C57003EC330 /* Base */,
			);
			name = Main.storyboard;
			sourceTree = "<group>";
		};
		16F2E7D418AD6C57003EC330 /* InfoPlist.strings */ = {
			isa = PBXVariantGroup;
			children = (
				16F2E7D518AD6C57003EC330 /* en */,
			);
			name = InfoPlist.strings;
			sourceTree = "<group>";
		};
/* End PBXVariantGroup section */

/* Begin XCBuildConfiguration section */
		16F2E7D918AD6C57003EC330 /* Debug */ = {
			isa = XCBuildConfiguration;
			buildSettings = {
				ALWAYS_SEARCH_USER_PATHS = NO;
				ARCHS = "$(ARCHS_STANDARD_INCLUDING_64_BIT)";
				CLANG_CXX_LANGUAGE_STANDARD = "gnu++0x";
				CLANG_CXX_LIBRARY = "libc++";
				CLANG_ENABLE_MODULES = YES;
				CLANG_ENABLE_OBJC_ARC = YES;
				CLANG_WARN_BOOL_CONVERSION = YES;
				CLANG_WARN_CONSTANT_CONVERSION = YES;
				CLANG_WARN_DIRECT_OBJC_ISA_USAGE = YES_ERROR;
				CLANG_WARN_EMPTY_BODY = YES;
				CLANG_WARN_ENUM_CONVERSION = YES;
				CLANG_WARN_INT_CONVERSION = YES;
				CLANG_WARN_OBJC_ROOT_CLASS = YES_ERROR;
				CLANG_WARN__DUPLICATE_METHOD_MATCH = YES;
				"CODE_SIGN_IDENTITY[sdk=iphoneos*]" = "iPhone Developer";
				COPY_PHASE_STRIP = NO;
				GCC_C_LANGUAGE_STANDARD = gnu99;
				GCC_DYNAMIC_NO_PIC = NO;
				GCC_OPTIMIZATION_LEVEL = 0;
				GCC_PREPROCESSOR_DEFINITIONS = (
					"DEBUG=1",
					"$(inherited)",
				);
				GCC_SYMBOLS_PRIVATE_EXTERN = NO;
				GCC_WARN_64_TO_32_BIT_CONVERSION = YES;
				GCC_WARN_ABOUT_RETURN_TYPE = YES_ERROR;
				GCC_WARN_UNDECLARED_SELECTOR = YES;
				GCC_WARN_UNINITIALIZED_AUTOS = YES;
				GCC_WARN_UNUSED_FUNCTION = YES;
				GCC_WARN_UNUSED_VARIABLE = YES;
				IPHONEOS_DEPLOYMENT_TARGET = 7.0;
				ONLY_ACTIVE_ARCH = YES;
				SDKROOT = iphoneos;
			};
			name = Debug;
		};
		16F2E7DA18AD6C57003EC330 /* Release */ = {
			isa = XCBuildConfiguration;
			buildSettings = {
				ALWAYS_SEARCH_USER_PATHS = NO;
				ARCHS = "$(ARCHS_STANDARD_INCLUDING_64_BIT)";
				CLANG_CXX_LANGUAGE_STANDARD = "gnu++0x";
				CLANG_CXX_LIBRARY = "libc++";
				CLANG_ENABLE_MODULES = YES;
				CLANG_ENABLE_OBJC_ARC = YES;
				CLANG_WARN_BOOL_CONVERSION = YES;
				CLANG_WARN_CONSTANT_CONVERSION = YES;
				CLANG_WARN_DIRECT_OBJC_ISA_USAGE = YES_ERROR;
				CLANG_WARN_EMPTY_BODY = YES;
				CLANG_WARN_ENUM_CONVERSION = YES;
				CLANG_WARN_INT_CONVERSION = YES;
				CLANG_WARN_OBJC_ROOT_CLASS = YES_ERROR;
				CLANG_WARN__DUPLICATE_METHOD_MATCH = YES;
				"CODE_SIGN_IDENTITY[sdk=iphoneos*]" = "iPhone Developer";
				COPY_PHASE_STRIP = YES;
				ENABLE_NS_ASSERTIONS = NO;
				GCC_C_LANGUAGE_STANDARD = gnu99;
				GCC_WARN_64_TO_32_BIT_CONVERSION = YES;
				GCC_WARN_ABOUT_RETURN_TYPE = YES_ERROR;
				GCC_WARN_UNDECLARED_SELECTOR = YES;
				GCC_WARN_UNINITIALIZED_AUTOS = YES;
				GCC_WARN_UNUSED_FUNCTION = YES;
				GCC_WARN_UNUSED_VARIABLE = YES;
				IPHONEOS_DEPLOYMENT_TARGET = 7.0;
				SDKROOT = iphoneos;
				VALIDATE_PRODUCT = YES;
			};
			name = Release;
		};
		16F2E7DC18AD6C57003EC330 /* Debug */ = {
			isa = XCBuildConfiguration;
			baseConfigurationReference = 2DFF4BD1F34347C983BE74DD /* Pods.xcconfig */;
			buildSettings = {
				ASSETCATALOG_COMPILER_APPICON_NAME = AppIcon;
				ASSETCATALOG_COMPILER_LAUNCHIMAGE_NAME = LaunchImage;
				CODE_SIGN_IDENTITY = "iPhone Developer";
				"CODE_SIGN_IDENTITY[sdk=iphoneos*]" = "iPhone Developer";
				GCC_PRECOMPILE_PREFIX_HEADER = YES;
				GCC_PREFIX_HEADER = "Glasklart/Glasklart-Prefix.pch";
				INFOPLIST_FILE = "Glasklart/Glasklart-Info.plist";
				PRODUCT_NAME = "$(TARGET_NAME)";
				PROVISIONING_PROFILE = "";
				WRAPPER_EXTENSION = app;
			};
			name = Debug;
		};
		16F2E7DD18AD6C57003EC330 /* Release */ = {
			isa = XCBuildConfiguration;
			baseConfigurationReference = 2DFF4BD1F34347C983BE74DD /* Pods.xcconfig */;
			buildSettings = {
				ASSETCATALOG_COMPILER_APPICON_NAME = AppIcon;
				ASSETCATALOG_COMPILER_LAUNCHIMAGE_NAME = LaunchImage;
				CODE_SIGN_IDENTITY = "iPhone Developer";
				"CODE_SIGN_IDENTITY[sdk=iphoneos*]" = "iPhone Developer";
				GCC_PRECOMPILE_PREFIX_HEADER = YES;
				GCC_PREFIX_HEADER = "Glasklart/Glasklart-Prefix.pch";
				INFOPLIST_FILE = "Glasklart/Glasklart-Info.plist";
				PRODUCT_NAME = "$(TARGET_NAME)";
				PROVISIONING_PROFILE = "";
				WRAPPER_EXTENSION = app;
			};
			name = Release;
		};
		16F2E7DF18AD6C57003EC330 /* Debug */ = {
			isa = XCBuildConfiguration;
			buildSettings = {
				ARCHS = "$(ARCHS_STANDARD_INCLUDING_64_BIT)";
				BUNDLE_LOADER = "$(BUILT_PRODUCTS_DIR)/Glasklart.app/Glasklart";
				FRAMEWORK_SEARCH_PATHS = (
					"$(SDKROOT)/Developer/Library/Frameworks",
					"$(inherited)",
					"$(DEVELOPER_FRAMEWORKS_DIR)",
				);
				GCC_PRECOMPILE_PREFIX_HEADER = YES;
				GCC_PREFIX_HEADER = "Glasklart/Glasklart-Prefix.pch";
				GCC_PREPROCESSOR_DEFINITIONS = (
					"DEBUG=1",
					"$(inherited)",
				);
				INFOPLIST_FILE = "GlasklartTests/GlasklartTests-Info.plist";
				PRODUCT_NAME = "$(TARGET_NAME)";
				TEST_HOST = "$(BUNDLE_LOADER)";
				WRAPPER_EXTENSION = xctest;
			};
			name = Debug;
		};
		16F2E7E018AD6C57003EC330 /* Release */ = {
			isa = XCBuildConfiguration;
			buildSettings = {
				ARCHS = "$(ARCHS_STANDARD_INCLUDING_64_BIT)";
				BUNDLE_LOADER = "$(BUILT_PRODUCTS_DIR)/Glasklart.app/Glasklart";
				FRAMEWORK_SEARCH_PATHS = (
					"$(SDKROOT)/Developer/Library/Frameworks",
					"$(inherited)",
					"$(DEVELOPER_FRAMEWORKS_DIR)",
				);
				GCC_PRECOMPILE_PREFIX_HEADER = YES;
				GCC_PREFIX_HEADER = "Glasklart/Glasklart-Prefix.pch";
				INFOPLIST_FILE = "GlasklartTests/GlasklartTests-Info.plist";
				PRODUCT_NAME = "$(TARGET_NAME)";
				TEST_HOST = "$(BUNDLE_LOADER)";
				WRAPPER_EXTENSION = xctest;
			};
			name = Release;
		};
/* End XCBuildConfiguration section */

/* Begin XCConfigurationList section */
		16F2E7A418AD6C57003EC330 /* Build configuration list for PBXProject "Glasklart" */ = {
			isa = XCConfigurationList;
			buildConfigurations = (
				16F2E7D918AD6C57003EC330 /* Debug */,
				16F2E7DA18AD6C57003EC330 /* Release */,
			);
			defaultConfigurationIsVisible = 0;
			defaultConfigurationName = Release;
		};
		16F2E7DB18AD6C57003EC330 /* Build configuration list for PBXNativeTarget "Glasklart" */ = {
			isa = XCConfigurationList;
			buildConfigurations = (
				16F2E7DC18AD6C57003EC330 /* Debug */,
				16F2E7DD18AD6C57003EC330 /* Release */,
			);
			defaultConfigurationIsVisible = 0;
			defaultConfigurationName = Release;
		};
		16F2E7DE18AD6C57003EC330 /* Build configuration list for PBXNativeTarget "GlasklartTests" */ = {
			isa = XCConfigurationList;
			buildConfigurations = (
				16F2E7DF18AD6C57003EC330 /* Debug */,
				16F2E7E018AD6C57003EC330 /* Release */,
			);
			defaultConfigurationIsVisible = 0;
			defaultConfigurationName = Release;
		};
/* End XCConfigurationList section */

/* Begin XCVersionGroup section */
		16F2E7E118AD6D6E003EC330 /* Model.xcdatamodeld */ = {
			isa = XCVersionGroup;
			children = (
				16F2E7E218AD6D6E003EC330 /* Model.xcdatamodel */,
			);
			currentVersion = 16F2E7E218AD6D6E003EC330 /* Model.xcdatamodel */;
			path = Model.xcdatamodeld;
			sourceTree = "<group>";
			versionGroupType = wrapper.xcdatamodel;
		};
/* End XCVersionGroup section */
	};
	rootObject = 16F2E7A118AD6C57003EC330 /* Project object */;
}
